// !$*UTF8*$!
{
	archiveVersion = 1;
	classes = {
	};
	objectVersion = 46;
	objects = {

/* Begin PBXBuildFile section */
		50E1947C1953A2270016C8DC /* Foundation.framework in Frameworks */ = {isa = PBXBuildFile; fileRef = 50E1947B1953A2270016C8DC /* Foundation.framework */; };
		50E1947E1953A2270016C8DC /* CoreGraphics.framework in Frameworks */ = {isa = PBXBuildFile; fileRef = 50E1947D1953A2270016C8DC /* CoreGraphics.framework */; };
		50E194801953A2270016C8DC /* UIKit.framework in Frameworks */ = {isa = PBXBuildFile; fileRef = 50E1947F1953A2270016C8DC /* UIKit.framework */; };
		50E194861953A2270016C8DC /* InfoPlist.strings in Resources */ = {isa = PBXBuildFile; fileRef = 50E194841953A2270016C8DC /* InfoPlist.strings */; };
		50E194881953A2270016C8DC /* main.m in Sources */ = {isa = PBXBuildFile; fileRef = 50E194871953A2270016C8DC /* main.m */; };
		50E1948C1953A2270016C8DC /* SCRAppDelegate.m in Sources */ = {isa = PBXBuildFile; fileRef = 50E1948B1953A2270016C8DC /* SCRAppDelegate.m */; };
		50E1948F1953A2270016C8DC /* Main.storyboard in Resources */ = {isa = PBXBuildFile; fileRef = 50E1948D1953A2270016C8DC /* Main.storyboard */; };
		50E194921953A2270016C8DC /* SCRViewController.m in Sources */ = {isa = PBXBuildFile; fileRef = 50E194911953A2270016C8DC /* SCRViewController.m */; };
		50E194941953A2270016C8DC /* Images.xcassets in Resources */ = {isa = PBXBuildFile; fileRef = 50E194931953A2270016C8DC /* Images.xcassets */; };
		50E1949B1953A2270016C8DC /* XCTest.framework in Frameworks */ = {isa = PBXBuildFile; fileRef = 50E1949A1953A2270016C8DC /* XCTest.framework */; };
		50E1949C1953A2270016C8DC /* Foundation.framework in Frameworks */ = {isa = PBXBuildFile; fileRef = 50E1947B1953A2270016C8DC /* Foundation.framework */; };
		50E1949D1953A2270016C8DC /* UIKit.framework in Frameworks */ = {isa = PBXBuildFile; fileRef = 50E1947F1953A2270016C8DC /* UIKit.framework */; };
		50E194A51953A2270016C8DC /* InfoPlist.strings in Resources */ = {isa = PBXBuildFile; fileRef = 50E194A31953A2270016C8DC /* InfoPlist.strings */; };
		50E194A71953A2270016C8DC /* ExampleTests.m in Sources */ = {isa = PBXBuildFile; fileRef = 50E194A61953A2270016C8DC /* ExampleTests.m */; };
/* End PBXBuildFile section */

/* Begin PBXContainerItemProxy section */
		50E1949E1953A2270016C8DC /* PBXContainerItemProxy */ = {
			isa = PBXContainerItemProxy;
			containerPortal = 50E194701953A2270016C8DC /* Project object */;
			proxyType = 1;
			remoteGlobalIDString = 50E194771953A2270016C8DC;
			remoteInfo = Example;
		};
/* End PBXContainerItemProxy section */

/* Begin PBXFileReference section */
		50E194781953A2270016C8DC /* Example.app */ = {isa = PBXFileReference; explicitFileType = wrapper.application; includeInIndex = 0; path = Example.app; sourceTree = BUILT_PRODUCTS_DIR; };
		50E1947B1953A2270016C8DC /* Foundation.framework */ = {isa = PBXFileReference; lastKnownFileType = wrapper.framework; name = Foundation.framework; path = System/Library/Frameworks/Foundation.framework; sourceTree = SDKROOT; };
		50E1947D1953A2270016C8DC /* CoreGraphics.framework */ = {isa = PBXFileReference; lastKnownFileType = wrapper.framework; name = CoreGraphics.framework; path = System/Library/Frameworks/CoreGraphics.framework; sourceTree = SDKROOT; };
		50E1947F1953A2270016C8DC /* UIKit.framework */ = {isa = PBXFileReference; lastKnownFileType = wrapper.framework; name = UIKit.framework; path = System/Library/Frameworks/UIKit.framework; sourceTree = SDKROOT; };
		50E194831953A2270016C8DC /* Example-Info.plist */ = {isa = PBXFileReference; lastKnownFileType = text.plist.xml; path = "Example-Info.plist"; sourceTree = "<group>"; };
		50E194851953A2270016C8DC /* en */ = {isa = PBXFileReference; lastKnownFileType = text.plist.strings; name = en; path = en.lproj/InfoPlist.strings; sourceTree = "<group>"; };
		50E194871953A2270016C8DC /* main.m */ = {isa = PBXFileReference; lastKnownFileType = sourcecode.c.objc; path = main.m; sourceTree = "<group>"; };
		50E194891953A2270016C8DC /* Example-Prefix.pch */ = {isa = PBXFileReference; lastKnownFileType = sourcecode.c.h; path = "Example-Prefix.pch"; sourceTree = "<group>"; };
		50E1948A1953A2270016C8DC /* SCRAppDelegate.h */ = {isa = PBXFileReference; lastKnownFileType = sourcecode.c.h; path = SCRAppDelegate.h; sourceTree = "<group>"; };
		50E1948B1953A2270016C8DC /* SCRAppDelegate.m */ = {isa = PBXFileReference; lastKnownFileType = sourcecode.c.objc; path = SCRAppDelegate.m; sourceTree = "<group>"; };
		50E1948E1953A2270016C8DC /* Base */ = {isa = PBXFileReference; lastKnownFileType = file.storyboard; name = Base; path = Base.lproj/Main.storyboard; sourceTree = "<group>"; };
		50E194901953A2270016C8DC /* SCRViewController.h */ = {isa = PBXFileReference; lastKnownFileType = sourcecode.c.h; path = SCRViewController.h; sourceTree = "<group>"; };
		50E194911953A2270016C8DC /* SCRViewController.m */ = {isa = PBXFileReference; lastKnownFileType = sourcecode.c.objc; path = SCRViewController.m; sourceTree = "<group>"; };
		50E194931953A2270016C8DC /* Images.xcassets */ = {isa = PBXFileReference; lastKnownFileType = folder.assetcatalog; path = Images.xcassets; sourceTree = "<group>"; };
		50E194991953A2270016C8DC /* ExampleTests.xctest */ = {isa = PBXFileReference; explicitFileType = wrapper.cfbundle; includeInIndex = 0; path = ExampleTests.xctest; sourceTree = BUILT_PRODUCTS_DIR; };
		50E1949A1953A2270016C8DC /* XCTest.framework */ = {isa = PBXFileReference; lastKnownFileType = wrapper.framework; name = XCTest.framework; path = Library/Frameworks/XCTest.framework; sourceTree = DEVELOPER_DIR; };
		50E194A21953A2270016C8DC /* ExampleTests-Info.plist */ = {isa = PBXFileReference; lastKnownFileType = text.plist.xml; path = "ExampleTests-Info.plist"; sourceTree = "<group>"; };
		50E194A41953A2270016C8DC /* en */ = {isa = PBXFileReference; lastKnownFileType = text.plist.strings; name = en; path = en.lproj/InfoPlist.strings; sourceTree = "<group>"; };
		50E194A61953A2270016C8DC /* ExampleTests.m */ = {isa = PBXFileReference; lastKnownFileType = sourcecode.c.objc; path = ExampleTests.m; sourceTree = "<group>"; };
/* End PBXFileReference section */

/* Begin PBXFrameworksBuildPhase section */
		50E194751953A2270016C8DC /* Frameworks */ = {
			isa = PBXFrameworksBuildPhase;
			buildActionMask = 2147483647;
			files = (
				50E1947E1953A2270016C8DC /* CoreGraphics.framework in Frameworks */,
				50E194801953A2270016C8DC /* UIKit.framework in Frameworks */,
				50E1947C1953A2270016C8DC /* Foundation.framework in Frameworks */,
			);
			runOnlyForDeploymentPostprocessing = 0;
		};
		50E194961953A2270016C8DC /* Frameworks */ = {
			isa = PBXFrameworksBuildPhase;
			buildActionMask = 2147483647;
			files = (
				50E1949B1953A2270016C8DC /* XCTest.framework in Frameworks */,
				50E1949D1953A2270016C8DC /* UIKit.framework in Frameworks */,
				50E1949C1953A2270016C8DC /* Foundation.framework in Frameworks */,
			);
			runOnlyForDeploymentPostprocessing = 0;
		};
/* End PBXFrameworksBuildPhase section */

/* Begin PBXGroup section */
		50E1946F1953A2270016C8DC = {
			isa = PBXGroup;
			children = (
				50E194811953A2270016C8DC /* Example */,
				50E194A01953A2270016C8DC /* ExampleTests */,
				50E1947A1953A2270016C8DC /* Frameworks */,
				50E194791953A2270016C8DC /* Products */,
			);
			sourceTree = "<group>";
		};
		50E194791953A2270016C8DC /* Products */ = {
			isa = PBXGroup;
			children = (
				50E194781953A2270016C8DC /* Example.app */,
				50E194991953A2270016C8DC /* ExampleTests.xctest */,
			);
			name = Products;
			sourceTree = "<group>";
		};
		50E1947A1953A2270016C8DC /* Frameworks */ = {
			isa = PBXGroup;
			children = (
				50E1947B1953A2270016C8DC /* Foundation.framework */,
				50E1947D1953A2270016C8DC /* CoreGraphics.framework */,
				50E1947F1953A2270016C8DC /* UIKit.framework */,
				50E1949A1953A2270016C8DC /* XCTest.framework */,
			);
			name = Frameworks;
			sourceTree = "<group>";
		};
		50E194811953A2270016C8DC /* Example */ = {
			isa = PBXGroup;
			children = (
				50E1948A1953A2270016C8DC /* SCRAppDelegate.h */,
				50E1948B1953A2270016C8DC /* SCRAppDelegate.m */,
				50E1948D1953A2270016C8DC /* Main.storyboard */,
				50E194901953A2270016C8DC /* SCRViewController.h */,
				50E194911953A2270016C8DC /* SCRViewController.m */,
				50E194931953A2270016C8DC /* Images.xcassets */,
				50E194821953A2270016C8DC /* Supporting Files */,
			);
			path = Example;
			sourceTree = "<group>";
		};
		50E194821953A2270016C8DC /* Supporting Files */ = {
			isa = PBXGroup;
			children = (
				50E194831953A2270016C8DC /* Example-Info.plist */,
				50E194841953A2270016C8DC /* InfoPlist.strings */,
				50E194871953A2270016C8DC /* main.m */,
				50E194891953A2270016C8DC /* Example-Prefix.pch */,
			);
			name = "Supporting Files";
			sourceTree = "<group>";
		};
		50E194A01953A2270016C8DC /* ExampleTests */ = {
			isa = PBXGroup;
			children = (
				50E194A61953A2270016C8DC /* ExampleTests.m */,
				50E194A11953A2270016C8DC /* Supporting Files */,
			);
			path = ExampleTests;
			sourceTree = "<group>";
		};
		50E194A11953A2270016C8DC /* Supporting Files */ = {
			isa = PBXGroup;
			children = (
				50E194A21953A2270016C8DC /* ExampleTests-Info.plist */,
				50E194A31953A2270016C8DC /* InfoPlist.strings */,
			);
			name = "Supporting Files";
			sourceTree = "<group>";
		};
/* End PBXGroup section */

/* Begin PBXNativeTarget section */
		50E194771953A2270016C8DC /* Example */ = {
			isa = PBXNativeTarget;
			buildConfigurationList = 50E194AA1953A2270016C8DC /* Build configuration list for PBXNativeTarget "Example" */;
			buildPhases = (
				50E194741953A2270016C8DC /* Sources */,
				50E194751953A2270016C8DC /* Frameworks */,
				50E194761953A2270016C8DC /* Resources */,
			);
			buildRules = (
			);
			dependencies = (
			);
			name = Example;
			productName = Example;
			productReference = 50E194781953A2270016C8DC /* Example.app */;
			productType = "com.apple.product-type.application";
		};
		50E194981953A2270016C8DC /* ExampleTests */ = {
			isa = PBXNativeTarget;
			buildConfigurationList = 50E194AD1953A2270016C8DC /* Build configuration list for PBXNativeTarget "ExampleTests" */;
			buildPhases = (
				50E194951953A2270016C8DC /* Sources */,
				50E194961953A2270016C8DC /* Frameworks */,
				50E194971953A2270016C8DC /* Resources */,
			);
			buildRules = (
			);
			dependencies = (
				50E1949F1953A2270016C8DC /* PBXTargetDependency */,
			);
			name = ExampleTests;
			productName = ExampleTests;
			productReference = 50E194991953A2270016C8DC /* ExampleTests.xctest */;
			productType = "com.apple.product-type.bundle.unit-test";
		};
/* End PBXNativeTarget section */

/* Begin PBXProject section */
		50E194701953A2270016C8DC /* Project object */ = {
			isa = PBXProject;
			attributes = {
				CLASSPREFIX = SCR;
				LastUpgradeCheck = 0510;
				ORGANIZATIONNAME = "Max Kramer";
				TargetAttributes = {
					50E194981953A2270016C8DC = {
						TestTargetID = 50E194771953A2270016C8DC;
					};
				};
			};
			buildConfigurationList = 50E194731953A2270016C8DC /* Build configuration list for PBXProject "Example" */;
			compatibilityVersion = "Xcode 3.2";
			developmentRegion = English;
			hasScannedForEncodings = 0;
			knownRegions = (
				en,
				Base,
			);
			mainGroup = 50E1946F1953A2270016C8DC;
			productRefGroup = 50E194791953A2270016C8DC /* Products */;
			projectDirPath = "";
			projectRoot = "";
			targets = (
				50E194771953A2270016C8DC /* Example */,
				50E194981953A2270016C8DC /* ExampleTests */,
			);
		};
/* End PBXProject section */

/* Begin PBXResourcesBuildPhase section */
		50E194761953A2270016C8DC /* Resources */ = {
			isa = PBXResourcesBuildPhase;
			buildActionMask = 2147483647;
			files = (
				50E194941953A2270016C8DC /* Images.xcassets in Resources */,
				50E194861953A2270016C8DC /* InfoPlist.strings in Resources */,
				50E1948F1953A2270016C8DC /* Main.storyboard in Resources */,
			);
			runOnlyForDeploymentPostprocessing = 0;
		};
		50E194971953A2270016C8DC /* Resources */ = {
			isa = PBXResourcesBuildPhase;
			buildActionMask = 2147483647;
			files = (
				50E194A51953A2270016C8DC /* InfoPlist.strings in Resources */,
			);
			runOnlyForDeploymentPostprocessing = 0;
		};
/* End PBXResourcesBuildPhase section */

/* Begin PBXSourcesBuildPhase section */
		50E194741953A2270016C8DC /* Sources */ = {
			isa = PBXSourcesBuildPhase;
			buildActionMask = 2147483647;
			files = (
				50E194881953A2270016C8DC /* main.m in Sources */,
				50E194921953A2270016C8DC /* SCRViewController.m in Sources */,
				50E1948C1953A2270016C8DC /* SCRAppDelegate.m in Sources */,
			);
			runOnlyForDeploymentPostprocessing = 0;
		};
		50E194951953A2270016C8DC /* Sources */ = {
			isa = PBXSourcesBuildPhase;
			buildActionMask = 2147483647;
			files = (
				50E194A71953A2270016C8DC /* ExampleTests.m in Sources */,
			);
			runOnlyForDeploymentPostprocessing = 0;
		};
/* End PBXSourcesBuildPhase section */

/* Begin PBXTargetDependency section */
		50E1949F1953A2270016C8DC /* PBXTargetDependency */ = {
			isa = PBXTargetDependency;
			target = 50E194771953A2270016C8DC /* Example */;
			targetProxy = 50E1949E1953A2270016C8DC /* PBXContainerItemProxy */;
		};
/* End PBXTargetDependency section */

/* Begin PBXVariantGroup section */
		50E194841953A2270016C8DC /* InfoPlist.strings */ = {
			isa = PBXVariantGroup;
			children = (
				50E194851953A2270016C8DC /* en */,
			);
			name = InfoPlist.strings;
			sourceTree = "<group>";
		};
		50E1948D1953A2270016C8DC /* Main.storyboard */ = {
			isa = PBXVariantGroup;
			children = (
				50E1948E1953A2270016C8DC /* Base */,
			);
			name = Main.storyboard;
			sourceTree = "<group>";
		};
		50E194A31953A2270016C8DC /* InfoPlist.strings */ = {
			isa = PBXVariantGroup;
			children = (
				50E194A41953A2270016C8DC /* en */,
			);
			name = InfoPlist.strings;
			sourceTree = "<group>";
		};
/* End PBXVariantGroup section */

/* Begin XCBuildConfiguration section */
		50E194A81953A2270016C8DC /* Debug */ = {
			isa = XCBuildConfiguration;
			buildSettings = {
				ALWAYS_SEARCH_USER_PATHS = NO;
				CLANG_CXX_LANGUAGE_STANDARD = "gnu++0x";
				CLANG_CXX_LIBRARY = "libc++";
				CLANG_ENABLE_MODULES = YES;
				CLANG_ENABLE_OBJC_ARC = YES;
				CLANG_WARN_BOOL_CONVERSION = YES;
				CLANG_WARN_CONSTANT_CONVERSION = YES;
				CLANG_WARN_DIRECT_OBJC_ISA_USAGE = YES_ERROR;
				CLANG_WARN_EMPTY_BODY = YES;
				CLANG_WARN_ENUM_CONVERSION = YES;
				CLANG_WARN_INT_CONVERSION = YES;
				CLANG_WARN_OBJC_ROOT_CLASS = YES_ERROR;
				CLANG_WARN__DUPLICATE_METHOD_MATCH = YES;
				"CODE_SIGN_IDENTITY[sdk=iphoneos*]" = "iPhone Developer";
				COPY_PHASE_STRIP = NO;
				GCC_C_LANGUAGE_STANDARD = gnu99;
				GCC_DYNAMIC_NO_PIC = NO;
				GCC_OPTIMIZATION_LEVEL = 0;
				GCC_PREPROCESSOR_DEFINITIONS = (
					"DEBUG=1",
					"$(inherited)",
				);
				GCC_SYMBOLS_PRIVATE_EXTERN = NO;
				GCC_WARN_64_TO_32_BIT_CONVERSION = YES;
				GCC_WARN_ABOUT_RETURN_TYPE = YES_ERROR;
				GCC_WARN_UNDECLARED_SELECTOR = YES;
				GCC_WARN_UNINITIALIZED_AUTOS = YES_AGGRESSIVE;
				GCC_WARN_UNUSED_FUNCTION = YES;
				GCC_WARN_UNUSED_VARIABLE = YES;
				IPHONEOS_DEPLOYMENT_TARGET = 7.1;
				ONLY_ACTIVE_ARCH = YES;
				SDKROOT = iphoneos;
			};
			name = Debug;
		};
		50E194A91953A2270016C8DC /* Release */ = {
			isa = XCBuildConfiguration;
			buildSettings = {
				ALWAYS_SEARCH_USER_PATHS = NO;
				CLANG_CXX_LANGUAGE_STANDARD = "gnu++0x";
				CLANG_CXX_LIBRARY = "libc++";
				CLANG_ENABLE_MODULES = YES;
				CLANG_ENABLE_OBJC_ARC = YES;
				CLANG_WARN_BOOL_CONVERSION = YES;
				CLANG_WARN_CONSTANT_CONVERSION = YES;
				CLANG_WARN_DIRECT_OBJC_ISA_USAGE = YES_ERROR;
				CLANG_WARN_EMPTY_BODY = YES;
				CLANG_WARN_ENUM_CONVERSION = YES;
				CLANG_WARN_INT_CONVERSION = YES;
				CLANG_WARN_OBJC_ROOT_CLASS = YES_ERROR;
				CLANG_WARN__DUPLICATE_METHOD_MATCH = YES;
				"CODE_SIGN_IDENTITY[sdk=iphoneos*]" = "iPhone Developer";
				COPY_PHASE_STRIP = YES;
				ENABLE_NS_ASSERTIONS = NO;
				GCC_C_LANGUAGE_STANDARD = gnu99;
				GCC_WARN_64_TO_32_BIT_CONVERSION = YES;
				GCC_WARN_ABOUT_RETURN_TYPE = YES_ERROR;
				GCC_WARN_UNDECLARED_SELECTOR = YES;
				GCC_WARN_UNINITIALIZED_AUTOS = YES_AGGRESSIVE;
				GCC_WARN_UNUSED_FUNCTION = YES;
				GCC_WARN_UNUSED_VARIABLE = YES;
				IPHONEOS_DEPLOYMENT_TARGET = 7.1;
				SDKROOT = iphoneos;
				VALIDATE_PRODUCT = YES;
			};
			name = Release;
		};
		50E194AB1953A2270016C8DC /* Debug */ = {
			isa = XCBuildConfiguration;
			buildSettings = {
				ASSETCATALOG_COMPILER_APPICON_NAME = AppIcon;
				ASSETCATALOG_COMPILER_LAUNCHIMAGE_NAME = LaunchImage;
				GCC_PRECOMPILE_PREFIX_HEADER = YES;
				GCC_PREFIX_HEADER = "Example/Example-Prefix.pch";
				INFOPLIST_FILE = "Example/Example-Info.plist";
				PRODUCT_NAME = "$(TARGET_NAME)";
				WRAPPER_EXTENSION = app;
			};
			name = Debug;
		};
		50E194AC1953A2270016C8DC /* Release */ = {
			isa = XCBuildConfiguration;
			buildSettings = {
				ASSETCATALOG_COMPILER_APPICON_NAME = AppIcon;
				ASSETCATALOG_COMPILER_LAUNCHIMAGE_NAME = LaunchImage;
				GCC_PRECOMPILE_PREFIX_HEADER = YES;
				GCC_PREFIX_HEADER = "Example/Example-Prefix.pch";
				INFOPLIST_FILE = "Example/Example-Info.plist";
				PRODUCT_NAME = "$(TARGET_NAME)";
				WRAPPER_EXTENSION = app;
			};
			name = Release;
		};
		50E194AE1953A2270016C8DC /* Debug */ = {
			isa = XCBuildConfiguration;
			buildSettings = {
				BUNDLE_LOADER = "$(BUILT_PRODUCTS_DIR)/Example.app/Example";
				FRAMEWORK_SEARCH_PATHS = (
					"$(SDKROOT)/Developer/Library/Frameworks",
					"$(inherited)",
					"$(DEVELOPER_FRAMEWORKS_DIR)",
				);
				GCC_PRECOMPILE_PREFIX_HEADER = YES;
				GCC_PREFIX_HEADER = "Example/Example-Prefix.pch";
				GCC_PREPROCESSOR_DEFINITIONS = (
					"DEBUG=1",
					"$(inherited)",
				);
				INFOPLIST_FILE = "ExampleTests/ExampleTests-Info.plist";
				PRODUCT_NAME = "$(TARGET_NAME)";
				TEST_HOST = "$(BUNDLE_LOADER)";
				WRAPPER_EXTENSION = xctest;
			};
			name = Debug;
		};
		50E194AF1953A2270016C8DC /* Release */ = {
			isa = XCBuildConfiguration;
			buildSettings = {
				BUNDLE_LOADER = "$(BUILT_PRODUCTS_DIR)/Example.app/Example";
				FRAMEWORK_SEARCH_PATHS = (
					"$(SDKROOT)/Developer/Library/Frameworks",
					"$(inherited)",
					"$(DEVELOPER_FRAMEWORKS_DIR)",
				);
				GCC_PRECOMPILE_PREFIX_HEADER = YES;
				GCC_PREFIX_HEADER = "Example/Example-Prefix.pch";
				INFOPLIST_FILE = "ExampleTests/ExampleTests-Info.plist";
				PRODUCT_NAME = "$(TARGET_NAME)";
				TEST_HOST = "$(BUNDLE_LOADER)";
				WRAPPER_EXTENSION = xctest;
			};
			name = Release;
		};
/* End XCBuildConfiguration section */

/* Begin XCConfigurationList section */
		50E194731953A2270016C8DC /* Build configuration list for PBXProject "Example" */ = {
			isa = XCConfigurationList;
			buildConfigurations = (
				50E194A81953A2270016C8DC /* Debug */,
				50E194A91953A2270016C8DC /* Release */,
			);
			defaultConfigurationIsVisible = 0;
			defaultConfigurationName = Release;
		};
		50E194AA1953A2270016C8DC /* Build configuration list for PBXNativeTarget "Example" */ = {
			isa = XCConfigurationList;
			buildConfigurations = (
				50E194AB1953A2270016C8DC /* Debug */,
				50E194AC1953A2270016C8DC /* Release */,
			);
			defaultConfigurationIsVisible = 0;
		};
		50E194AD1953A2270016C8DC /* Build configuration list for PBXNativeTarget "ExampleTests" */ = {
			isa = XCConfigurationList;
			buildConfigurations = (
				50E194AE1953A2270016C8DC /* Debug */,
				50E194AF1953A2270016C8DC /* Release */,
			);
			defaultConfigurationIsVisible = 0;
		};
/* End XCConfigurationList section */
	};
	rootObject = 50E194701953A2270016C8DC /* Project object */;
}
